// !$*UTF8*$!
{
	archiveVersion = 1;
	classes = {
	};
	objectVersion = 77;
	objects = {

/* Begin PBXBuildFile section */
		F3FA06D92E4D1BF800091DE9 /* WidgetKit.framework in Frameworks */ = {isa = PBXBuildFile; fileRef = F3FA06D82E4D1BF800091DE9 /* WidgetKit.framework */; };
		F3FA06DB2E4D1BF800091DE9 /* SwiftUI.framework in Frameworks */ = {isa = PBXBuildFile; fileRef = F3FA06DA2E4D1BF800091DE9 /* SwiftUI.framework */; };
		F3FA06EC2E4D1BFA00091DE9 /* TrainViewerWidgetExtension.appex in Embed Foundation Extensions */ = {isa = PBXBuildFile; fileRef = F3FA06D62E4D1BF800091DE9 /* TrainViewerWidgetExtension.appex */; settings = {ATTRIBUTES = (RemoveHeadersOnCopy, ); }; };
/* End PBXBuildFile section */

/* Begin PBXContainerItemProxy section */
		F347DCE22E4C7C9200F52D00 /* PBXContainerItemProxy */ = {
			isa = PBXContainerItemProxy;
			containerPortal = F347DCC92E4C7C8F00F52D00 /* Project object */;
			proxyType = 1;
			remoteGlobalIDString = F347DCD02E4C7C8F00F52D00;
			remoteInfo = TrainViewer;
		};
		F347DCEC2E4C7C9200F52D00 /* PBXContainerItemProxy */ = {
			isa = PBXContainerItemProxy;
			containerPortal = F347DCC92E4C7C8F00F52D00 /* Project object */;
			proxyType = 1;
			remoteGlobalIDString = F347DCD02E4C7C8F00F52D00;
			remoteInfo = TrainViewer;
		};
		F3FA06EA2E4D1BFA00091DE9 /* PBXContainerItemProxy */ = {
			isa = PBXContainerItemProxy;
			containerPortal = F347DCC92E4C7C8F00F52D00 /* Project object */;
			proxyType = 1;
			remoteGlobalIDString = F3FA06D52E4D1BF800091DE9;
			remoteInfo = TrainViewerWidgetExtension;
		};
/* End PBXContainerItemProxy section */

/* Begin PBXCopyFilesBuildPhase section */
		F3FA06ED2E4D1BFA00091DE9 /* Embed Foundation Extensions */ = {
			isa = PBXCopyFilesBuildPhase;
			buildActionMask = 2147483647;
			dstPath = "";
			dstSubfolderSpec = 13;
			files = (
				F3FA06EC2E4D1BFA00091DE9 /* TrainViewerWidgetExtension.appex in Embed Foundation Extensions */,
			);
			name = "Embed Foundation Extensions";
			runOnlyForDeploymentPostprocessing = 0;
		};
/* End PBXCopyFilesBuildPhase section */

/* Begin PBXFileReference section */
		F347DCD12E4C7C8F00F52D00 /* TrainViewer.app */ = {isa = PBXFileReference; explicitFileType = wrapper.application; includeInIndex = 0; path = TrainViewer.app; sourceTree = BUILT_PRODUCTS_DIR; };
		F347DCE12E4C7C9200F52D00 /* TrainViewerTests.xctest */ = {isa = PBXFileReference; explicitFileType = wrapper.cfbundle; includeInIndex = 0; path = TrainViewerTests.xctest; sourceTree = BUILT_PRODUCTS_DIR; };
		F347DCEB2E4C7C9200F52D00 /* TrainViewerUITests.xctest */ = {isa = PBXFileReference; explicitFileType = wrapper.cfbundle; includeInIndex = 0; path = TrainViewerUITests.xctest; sourceTree = BUILT_PRODUCTS_DIR; };
		F3FA06D62E4D1BF800091DE9 /* TrainViewerWidgetExtension.appex */ = {isa = PBXFileReference; explicitFileType = "wrapper.app-extension"; includeInIndex = 0; path = TrainViewerWidgetExtension.appex; sourceTree = BUILT_PRODUCTS_DIR; };
		F3FA06D82E4D1BF800091DE9 /* WidgetKit.framework */ = {isa = PBXFileReference; lastKnownFileType = wrapper.framework; name = WidgetKit.framework; path = System/Library/Frameworks/WidgetKit.framework; sourceTree = SDKROOT; };
		F3FA06DA2E4D1BF800091DE9 /* SwiftUI.framework */ = {isa = PBXFileReference; lastKnownFileType = wrapper.framework; name = SwiftUI.framework; path = System/Library/Frameworks/SwiftUI.framework; sourceTree = SDKROOT; };
		F3FA06F62E4D1CB100091DE9 /* TrainViewerWidgetExtension.entitlements */ = {isa = PBXFileReference; lastKnownFileType = text.plist.entitlements; path = TrainViewerWidgetExtension.entitlements; sourceTree = "<group>"; };
/* End PBXFileReference section */

/* Begin PBXFileSystemSynchronizedRootGroup section */
		F347DCD32E4C7C8F00F52D00 /* TrainViewer */ = {
			isa = PBXFileSystemSynchronizedRootGroup;
			path = TrainViewer;
			sourceTree = "<group>";
		};
		F347DCE42E4C7C9200F52D00 /* TrainViewerTests */ = {
			isa = PBXFileSystemSynchronizedRootGroup;
			path = TrainViewerTests;
			sourceTree = "<group>";
		};
		F347DCEE2E4C7C9200F52D00 /* TrainViewerUITests */ = {
			isa = PBXFileSystemSynchronizedRootGroup;
			path = TrainViewerUITests;
			sourceTree = "<group>";
		};
		F3FA06DC2E4D1BF800091DE9 /* TrainViewerWidget */ = {
			isa = PBXFileSystemSynchronizedRootGroup;
			path = TrainViewerWidget;
			sourceTree = "<group>";
		};
/* End PBXFileSystemSynchronizedRootGroup section */

/* Begin PBXFrameworksBuildPhase section */
		F347DCCE2E4C7C8F00F52D00 /* Frameworks */ = {
			isa = PBXFrameworksBuildPhase;
			buildActionMask = 2147483647;
			files = (
			);
			runOnlyForDeploymentPostprocessing = 0;
		};
		F347DCDE2E4C7C9200F52D00 /* Frameworks */ = {
			isa = PBXFrameworksBuildPhase;
			buildActionMask = 2147483647;
			files = (
			);
			runOnlyForDeploymentPostprocessing = 0;
		};
		F347DCE82E4C7C9200F52D00 /* Frameworks */ = {
			isa = PBXFrameworksBuildPhase;
			buildActionMask = 2147483647;
			files = (
			);
			runOnlyForDeploymentPostprocessing = 0;
		};
		F3FA06D32E4D1BF800091DE9 /* Frameworks */ = {
			isa = PBXFrameworksBuildPhase;
			buildActionMask = 2147483647;
			files = (
				F3FA06DB2E4D1BF800091DE9 /* SwiftUI.framework in Frameworks */,
				F3FA06D92E4D1BF800091DE9 /* WidgetKit.framework in Frameworks */,
			);
			runOnlyForDeploymentPostprocessing = 0;
		};
/* End PBXFrameworksBuildPhase section */

/* Begin PBXGroup section */
		F347DCC82E4C7C8F00F52D00 = {
			isa = PBXGroup;
			children = (
				F3FA06F62E4D1CB100091DE9 /* TrainViewerWidgetExtension.entitlements */,
				F347DCD32E4C7C8F00F52D00 /* TrainViewer */,
				F347DCE42E4C7C9200F52D00 /* TrainViewerTests */,
				F347DCEE2E4C7C9200F52D00 /* TrainViewerUITests */,
				F3FA06DC2E4D1BF800091DE9 /* TrainViewerWidget */,
				F3FA06D72E4D1BF800091DE9 /* Frameworks */,
				F347DCD22E4C7C8F00F52D00 /* Products */,
			);
			sourceTree = "<group>";
		};
		F347DCD22E4C7C8F00F52D00 /* Products */ = {
			isa = PBXGroup;
			children = (
				F347DCD12E4C7C8F00F52D00 /* TrainViewer.app */,
				F347DCE12E4C7C9200F52D00 /* TrainViewerTests.xctest */,
				F347DCEB2E4C7C9200F52D00 /* TrainViewerUITests.xctest */,
				F3FA06D62E4D1BF800091DE9 /* TrainViewerWidgetExtension.appex */,
			);
			name = Products;
			sourceTree = "<group>";
		};
		F3FA06D72E4D1BF800091DE9 /* Frameworks */ = {
			isa = PBXGroup;
			children = (
				F3FA06D82E4D1BF800091DE9 /* WidgetKit.framework */,
				F3FA06DA2E4D1BF800091DE9 /* SwiftUI.framework */,
			);
			name = Frameworks;
			sourceTree = "<group>";
		};
/* End PBXGroup section */

/* Begin PBXNativeTarget section */
		F347DCD02E4C7C8F00F52D00 /* TrainViewer */ = {
			isa = PBXNativeTarget;
			buildConfigurationList = F347DCF52E4C7C9200F52D00 /* Build configuration list for PBXNativeTarget "TrainViewer" */;
			buildPhases = (
				F347DCCD2E4C7C8F00F52D00 /* Sources */,
				F347DCCE2E4C7C8F00F52D00 /* Frameworks */,
				F347DCCF2E4C7C8F00F52D00 /* Resources */,
				F3FA06ED2E4D1BFA00091DE9 /* Embed Foundation Extensions */,
			);
			buildRules = (
			);
			dependencies = (
				F3FA06EB2E4D1BFA00091DE9 /* PBXTargetDependency */,
			);
			fileSystemSynchronizedGroups = (
				F347DCD32E4C7C8F00F52D00 /* TrainViewer */,
			);
			name = TrainViewer;
			packageProductDependencies = (
			);
			productName = TrainViewer;
			productReference = F347DCD12E4C7C8F00F52D00 /* TrainViewer.app */;
			productType = "com.apple.product-type.application";
		};
		F347DCE02E4C7C9200F52D00 /* TrainViewerTests */ = {
			isa = PBXNativeTarget;
			buildConfigurationList = F347DCF82E4C7C9200F52D00 /* Build configuration list for PBXNativeTarget "TrainViewerTests" */;
			buildPhases = (
				F347DCDD2E4C7C9200F52D00 /* Sources */,
				F347DCDE2E4C7C9200F52D00 /* Frameworks */,
				F347DCDF2E4C7C9200F52D00 /* Resources */,
			);
			buildRules = (
			);
			dependencies = (
				F347DCE32E4C7C9200F52D00 /* PBXTargetDependency */,
			);
			fileSystemSynchronizedGroups = (
				F347DCE42E4C7C9200F52D00 /* TrainViewerTests */,
			);
			name = TrainViewerTests;
			packageProductDependencies = (
			);
			productName = TrainViewerTests;
			productReference = F347DCE12E4C7C9200F52D00 /* TrainViewerTests.xctest */;
			productType = "com.apple.product-type.bundle.unit-test";
		};
		F347DCEA2E4C7C9200F52D00 /* TrainViewerUITests */ = {
			isa = PBXNativeTarget;
			buildConfigurationList = F347DCFB2E4C7C9200F52D00 /* Build configuration list for PBXNativeTarget "TrainViewerUITests" */;
			buildPhases = (
				F347DCE72E4C7C9200F52D00 /* Sources */,
				F347DCE82E4C7C9200F52D00 /* Frameworks */,
				F347DCE92E4C7C9200F52D00 /* Resources */,
			);
			buildRules = (
			);
			dependencies = (
				F347DCED2E4C7C9200F52D00 /* PBXTargetDependency */,
			);
			fileSystemSynchronizedGroups = (
				F347DCEE2E4C7C9200F52D00 /* TrainViewerUITests */,
			);
			name = TrainViewerUITests;
			packageProductDependencies = (
			);
			productName = TrainViewerUITests;
			productReference = F347DCEB2E4C7C9200F52D00 /* TrainViewerUITests.xctest */;
			productType = "com.apple.product-type.bundle.ui-testing";
		};
		F3FA06D52E4D1BF800091DE9 /* TrainViewerWidgetExtension */ = {
			isa = PBXNativeTarget;
			buildConfigurationList = F3FA06F02E4D1BFA00091DE9 /* Build configuration list for PBXNativeTarget "TrainViewerWidgetExtension" */;
			buildPhases = (
				F3FA06D22E4D1BF800091DE9 /* Sources */,
				F3FA06D32E4D1BF800091DE9 /* Frameworks */,
				F3FA06D42E4D1BF800091DE9 /* Resources */,
			);
			buildRules = (
			);
			dependencies = (
			);
			fileSystemSynchronizedGroups = (
				F3FA06DC2E4D1BF800091DE9 /* TrainViewerWidget */,
			);
			name = TrainViewerWidgetExtension;
			packageProductDependencies = (
			);
			productName = TrainViewerWidgetExtension;
			productReference = F3FA06D62E4D1BF800091DE9 /* TrainViewerWidgetExtension.appex */;
			productType = "com.apple.product-type.app-extension";
		};
/* End PBXNativeTarget section */

/* Begin PBXProject section */
		F347DCC92E4C7C8F00F52D00 /* Project object */ = {
			isa = PBXProject;
			attributes = {
				BuildIndependentTargetsInParallel = 1;
				LastSwiftUpdateCheck = 1620;
				LastUpgradeCheck = 1620;
				TargetAttributes = {
					F347DCD02E4C7C8F00F52D00 = {
						CreatedOnToolsVersion = 16.2;
					};
					F347DCE02E4C7C9200F52D00 = {
						CreatedOnToolsVersion = 16.2;
						TestTargetID = F347DCD02E4C7C8F00F52D00;
					};
					F347DCEA2E4C7C9200F52D00 = {
						CreatedOnToolsVersion = 16.2;
						TestTargetID = F347DCD02E4C7C8F00F52D00;
					};
					F3FA06D52E4D1BF800091DE9 = {
						CreatedOnToolsVersion = 16.2;
					};
				};
			};
			buildConfigurationList = F347DCCC2E4C7C8F00F52D00 /* Build configuration list for PBXProject "TrainViewer" */;
			developmentRegion = en;
			hasScannedForEncodings = 0;
			knownRegions = (
				en,
				Base,
			);
			mainGroup = F347DCC82E4C7C8F00F52D00;
			minimizedProjectReferenceProxies = 1;
			preferredProjectObjectVersion = 77;
			productRefGroup = F347DCD22E4C7C8F00F52D00 /* Products */;
			projectDirPath = "";
			projectRoot = "";
			targets = (
				F347DCD02E4C7C8F00F52D00 /* TrainViewer */,
				F347DCE02E4C7C9200F52D00 /* TrainViewerTests */,
				F347DCEA2E4C7C9200F52D00 /* TrainViewerUITests */,
				F3FA06D52E4D1BF800091DE9 /* TrainViewerWidgetExtension */,
			);
		};
/* End PBXProject section */

/* Begin PBXResourcesBuildPhase section */
		F347DCCF2E4C7C8F00F52D00 /* Resources */ = {
			isa = PBXResourcesBuildPhase;
			buildActionMask = 2147483647;
			files = (
			);
			runOnlyForDeploymentPostprocessing = 0;
		};
		F347DCDF2E4C7C9200F52D00 /* Resources */ = {
			isa = PBXResourcesBuildPhase;
			buildActionMask = 2147483647;
			files = (
			);
			runOnlyForDeploymentPostprocessing = 0;
		};
		F347DCE92E4C7C9200F52D00 /* Resources */ = {
			isa = PBXResourcesBuildPhase;
			buildActionMask = 2147483647;
			files = (
			);
			runOnlyForDeploymentPostprocessing = 0;
		};
		F3FA06D42E4D1BF800091DE9 /* Resources */ = {
			isa = PBXResourcesBuildPhase;
			buildActionMask = 2147483647;
			files = (
			);
			runOnlyForDeploymentPostprocessing = 0;
		};
/* End PBXResourcesBuildPhase section */

/* Begin PBXSourcesBuildPhase section */
		F347DCCD2E4C7C8F00F52D00 /* Sources */ = {
			isa = PBXSourcesBuildPhase;
			buildActionMask = 2147483647;
			files = (
			);
			runOnlyForDeploymentPostprocessing = 0;
		};
		F347DCDD2E4C7C9200F52D00 /* Sources */ = {
			isa = PBXSourcesBuildPhase;
			buildActionMask = 2147483647;
			files = (
			);
			runOnlyForDeploymentPostprocessing = 0;
		};
		F347DCE72E4C7C9200F52D00 /* Sources */ = {
			isa = PBXSourcesBuildPhase;
			buildActionMask = 2147483647;
			files = (
			);
			runOnlyForDeploymentPostprocessing = 0;
		};
		F3FA06D22E4D1BF800091DE9 /* Sources */ = {
			isa = PBXSourcesBuildPhase;
			buildActionMask = 2147483647;
			files = (
			);
			runOnlyForDeploymentPostprocessing = 0;
		};
/* End PBXSourcesBuildPhase section */

/* Begin PBXTargetDependency section */
		F347DCE32E4C7C9200F52D00 /* PBXTargetDependency */ = {
			isa = PBXTargetDependency;
			target = F347DCD02E4C7C8F00F52D00 /* TrainViewer */;
			targetProxy = F347DCE22E4C7C9200F52D00 /* PBXContainerItemProxy */;
		};
		F347DCED2E4C7C9200F52D00 /* PBXTargetDependency */ = {
			isa = PBXTargetDependency;
			target = F347DCD02E4C7C8F00F52D00 /* TrainViewer */;
			targetProxy = F347DCEC2E4C7C9200F52D00 /* PBXContainerItemProxy */;
		};
		F3FA06EB2E4D1BFA00091DE9 /* PBXTargetDependency */ = {
			isa = PBXTargetDependency;
			target = F3FA06D52E4D1BF800091DE9 /* TrainViewerWidgetExtension */;
			targetProxy = F3FA06EA2E4D1BFA00091DE9 /* PBXContainerItemProxy */;
		};
/* End PBXTargetDependency section */

/* Begin XCBuildConfiguration section */
		F347DCF32E4C7C9200F52D00 /* Debug */ = {
			isa = XCBuildConfiguration;
			buildSettings = {
				ALWAYS_SEARCH_USER_PATHS = NO;
				ASSETCATALOG_COMPILER_GENERATE_SWIFT_ASSET_SYMBOL_EXTENSIONS = YES;
				CLANG_ANALYZER_NONNULL = YES;
				CLANG_ANALYZER_NUMBER_OBJECT_CONVERSION = YES_AGGRESSIVE;
				CLANG_CXX_LANGUAGE_STANDARD = "gnu++20";
				CLANG_ENABLE_MODULES = YES;
				CLANG_ENABLE_OBJC_ARC = YES;
				CLANG_ENABLE_OBJC_WEAK = YES;
				CLANG_WARN_BLOCK_CAPTURE_AUTORELEASING = YES;
				CLANG_WARN_BOOL_CONVERSION = YES;
				CLANG_WARN_COMMA = YES;
				CLANG_WARN_CONSTANT_CONVERSION = YES;
				CLANG_WARN_DEPRECATED_OBJC_IMPLEMENTATIONS = YES;
				CLANG_WARN_DIRECT_OBJC_ISA_USAGE = YES_ERROR;
				CLANG_WARN_DOCUMENTATION_COMMENTS = YES;
				CLANG_WARN_EMPTY_BODY = YES;
				CLANG_WARN_ENUM_CONVERSION = YES;
				CLANG_WARN_INFINITE_RECURSION = YES;
				CLANG_WARN_INT_CONVERSION = YES;
				CLANG_WARN_NON_LITERAL_NULL_CONVERSION = YES;
				CLANG_WARN_OBJC_IMPLICIT_RETAIN_SELF = YES;
				CLANG_WARN_OBJC_LITERAL_CONVERSION = YES;
				CLANG_WARN_OBJC_ROOT_CLASS = YES_ERROR;
				CLANG_WARN_QUOTED_INCLUDE_IN_FRAMEWORK_HEADER = YES;
				CLANG_WARN_RANGE_LOOP_ANALYSIS = YES;
				CLANG_WARN_STRICT_PROTOTYPES = YES;
				CLANG_WARN_SUSPICIOUS_MOVE = YES;
				CLANG_WARN_UNGUARDED_AVAILABILITY = YES_AGGRESSIVE;
				CLANG_WARN_UNREACHABLE_CODE = YES;
				CLANG_WARN__DUPLICATE_METHOD_MATCH = YES;
				COPY_PHASE_STRIP = NO;
				DEBUG_INFORMATION_FORMAT = dwarf;
				ENABLE_STRICT_OBJC_MSGSEND = YES;
				ENABLE_TESTABILITY = YES;
				ENABLE_USER_SCRIPT_SANDBOXING = YES;
				GCC_C_LANGUAGE_STANDARD = gnu17;
				GCC_DYNAMIC_NO_PIC = NO;
				GCC_NO_COMMON_BLOCKS = YES;
				GCC_OPTIMIZATION_LEVEL = 0;
				GCC_PREPROCESSOR_DEFINITIONS = (
					"DEBUG=1",
					"$(inherited)",
				);
				GCC_WARN_64_TO_32_BIT_CONVERSION = YES;
				GCC_WARN_ABOUT_RETURN_TYPE = YES_ERROR;
				GCC_WARN_UNDECLARED_SELECTOR = YES;
				GCC_WARN_UNINITIALIZED_AUTOS = YES_AGGRESSIVE;
				GCC_WARN_UNUSED_FUNCTION = YES;
				GCC_WARN_UNUSED_VARIABLE = YES;
				IPHONEOS_DEPLOYMENT_TARGET = 18.2;
				LOCALIZATION_PREFERS_STRING_CATALOGS = YES;
				MTL_ENABLE_DEBUG_INFO = INCLUDE_SOURCE;
				MTL_FAST_MATH = YES;
				ONLY_ACTIVE_ARCH = YES;
				SDKROOT = iphoneos;
				SWIFT_ACTIVE_COMPILATION_CONDITIONS = "DEBUG $(inherited)";
				SWIFT_OPTIMIZATION_LEVEL = "-Onone";
			};
			name = Debug;
		};
		F347DCF42E4C7C9200F52D00 /* Release */ = {
			isa = XCBuildConfiguration;
			buildSettings = {
				ALWAYS_SEARCH_USER_PATHS = NO;
				ASSETCATALOG_COMPILER_GENERATE_SWIFT_ASSET_SYMBOL_EXTENSIONS = YES;
				CLANG_ANALYZER_NONNULL = YES;
				CLANG_ANALYZER_NUMBER_OBJECT_CONVERSION = YES_AGGRESSIVE;
				CLANG_CXX_LANGUAGE_STANDARD = "gnu++20";
				CLANG_ENABLE_MODULES = YES;
				CLANG_ENABLE_OBJC_ARC = YES;
				CLANG_ENABLE_OBJC_WEAK = YES;
				CLANG_WARN_BLOCK_CAPTURE_AUTORELEASING = YES;
				CLANG_WARN_BOOL_CONVERSION = YES;
				CLANG_WARN_COMMA = YES;
				CLANG_WARN_CONSTANT_CONVERSION = YES;
				CLANG_WARN_DEPRECATED_OBJC_IMPLEMENTATIONS = YES;
				CLANG_WARN_DIRECT_OBJC_ISA_USAGE = YES_ERROR;
				CLANG_WARN_DOCUMENTATION_COMMENTS = YES;
				CLANG_WARN_EMPTY_BODY = YES;
				CLANG_WARN_ENUM_CONVERSION = YES;
				CLANG_WARN_INFINITE_RECURSION = YES;
				CLANG_WARN_INT_CONVERSION = YES;
				CLANG_WARN_NON_LITERAL_NULL_CONVERSION = YES;
				CLANG_WARN_OBJC_IMPLICIT_RETAIN_SELF = YES;
				CLANG_WARN_OBJC_LITERAL_CONVERSION = YES;
				CLANG_WARN_OBJC_ROOT_CLASS = YES_ERROR;
				CLANG_WARN_QUOTED_INCLUDE_IN_FRAMEWORK_HEADER = YES;
				CLANG_WARN_RANGE_LOOP_ANALYSIS = YES;
				CLANG_WARN_STRICT_PROTOTYPES = YES;
				CLANG_WARN_SUSPICIOUS_MOVE = YES;
				CLANG_WARN_UNGUARDED_AVAILABILITY = YES_AGGRESSIVE;
				CLANG_WARN_UNREACHABLE_CODE = YES;
				CLANG_WARN__DUPLICATE_METHOD_MATCH = YES;
				COPY_PHASE_STRIP = NO;
				DEBUG_INFORMATION_FORMAT = "dwarf-with-dsym";
				ENABLE_NS_ASSERTIONS = NO;
				ENABLE_STRICT_OBJC_MSGSEND = YES;
				ENABLE_USER_SCRIPT_SANDBOXING = YES;
				GCC_C_LANGUAGE_STANDARD = gnu17;
				GCC_NO_COMMON_BLOCKS = YES;
				GCC_WARN_64_TO_32_BIT_CONVERSION = YES;
				GCC_WARN_ABOUT_RETURN_TYPE = YES_ERROR;
				GCC_WARN_UNDECLARED_SELECTOR = YES;
				GCC_WARN_UNINITIALIZED_AUTOS = YES_AGGRESSIVE;
				GCC_WARN_UNUSED_FUNCTION = YES;
				GCC_WARN_UNUSED_VARIABLE = YES;
				IPHONEOS_DEPLOYMENT_TARGET = 18.2;
				LOCALIZATION_PREFERS_STRING_CATALOGS = YES;
				MTL_ENABLE_DEBUG_INFO = NO;
				MTL_FAST_MATH = YES;
				SDKROOT = iphoneos;
				SWIFT_COMPILATION_MODE = wholemodule;
				VALIDATE_PRODUCT = YES;
			};
			name = Release;
		};
		F347DCF62E4C7C9200F52D00 /* Debug */ = {
			isa = XCBuildConfiguration;
			buildSettings = {
				ASSETCATALOG_COMPILER_APPICON_NAME = AppIcon;
				ASSETCATALOG_COMPILER_GLOBAL_ACCENT_COLOR_NAME = AccentColor;
				CODE_SIGN_ENTITLEMENTS = TrainViewer/TrainViewer.entitlements;
				CODE_SIGN_STYLE = Automatic;
				CURRENT_PROJECT_VERSION = 1;
				DEVELOPMENT_ASSET_PATHS = "\"TrainViewer/Preview Content\"";
				DEVELOPMENT_TEAM = AZ3UBYX9QX;
				ENABLE_PREVIEWS = YES;
				GENERATE_INFOPLIST_FILE = YES;
				INFOPLIST_KEY_UIApplicationSceneManifest_Generation = YES;
				INFOPLIST_KEY_UIApplicationSupportsIndirectInputEvents = YES;
				INFOPLIST_KEY_UILaunchScreen_Generation = YES;
				INFOPLIST_KEY_UISupportedInterfaceOrientations_iPad = "UIInterfaceOrientationPortrait UIInterfaceOrientationPortraitUpsideDown UIInterfaceOrientationLandscapeLeft UIInterfaceOrientationLandscapeRight";
				INFOPLIST_KEY_UISupportedInterfaceOrientations_iPhone = "UIInterfaceOrientationPortrait UIInterfaceOrientationLandscapeLeft UIInterfaceOrientationLandscapeRight";
				LD_RUNPATH_SEARCH_PATHS = (
					"$(inherited)",
					"@executable_path/Frameworks",
				);
				MARKETING_VERSION = 1.0;
				PRODUCT_BUNDLE_IDENTIFIER = GG.TrainViewer;
				PRODUCT_NAME = "$(TARGET_NAME)";
				SWIFT_EMIT_LOC_STRINGS = YES;
				SWIFT_VERSION = 5.0;
				TARGETED_DEVICE_FAMILY = "1,2";
			};
			name = Debug;
		};
		F347DCF72E4C7C9200F52D00 /* Release */ = {
			isa = XCBuildConfiguration;
			buildSettings = {
				ASSETCATALOG_COMPILER_APPICON_NAME = AppIcon;
				ASSETCATALOG_COMPILER_GLOBAL_ACCENT_COLOR_NAME = AccentColor;
				CODE_SIGN_ENTITLEMENTS = TrainViewer/TrainViewer.entitlements;
				CODE_SIGN_STYLE = Automatic;
				CURRENT_PROJECT_VERSION = 1;
				DEVELOPMENT_ASSET_PATHS = "\"TrainViewer/Preview Content\"";
				DEVELOPMENT_TEAM = AZ3UBYX9QX;
				ENABLE_PREVIEWS = YES;
				GENERATE_INFOPLIST_FILE = YES;
				INFOPLIST_KEY_UIApplicationSceneManifest_Generation = YES;
				INFOPLIST_KEY_UIApplicationSupportsIndirectInputEvents = YES;
				INFOPLIST_KEY_UILaunchScreen_Generation = YES;
				INFOPLIST_KEY_UISupportedInterfaceOrientations_iPad = "UIInterfaceOrientationPortrait UIInterfaceOrientationPortraitUpsideDown UIInterfaceOrientationLandscapeLeft UIInterfaceOrientationLandscapeRight";
				INFOPLIST_KEY_UISupportedInterfaceOrientations_iPhone = "UIInterfaceOrientationPortrait UIInterfaceOrientationLandscapeLeft UIInterfaceOrientationLandscapeRight";
				LD_RUNPATH_SEARCH_PATHS = (
					"$(inherited)",
					"@executable_path/Frameworks",
				);
				MARKETING_VERSION = 1.0;
				PRODUCT_BUNDLE_IDENTIFIER = GG.TrainViewer;
				PRODUCT_NAME = "$(TARGET_NAME)";
				SWIFT_EMIT_LOC_STRINGS = YES;
				SWIFT_VERSION = 5.0;
				TARGETED_DEVICE_FAMILY = "1,2";
			};
			name = Release;
		};
		F347DCF92E4C7C9200F52D00 /* Debug */ = {
			isa = XCBuildConfiguration;
			buildSettings = {
				BUNDLE_LOADER = "$(TEST_HOST)";
				CODE_SIGN_STYLE = Automatic;
				CURRENT_PROJECT_VERSION = 1;
				DEVELOPMENT_TEAM = AZ3UBYX9QX;
				GENERATE_INFOPLIST_FILE = YES;
				IPHONEOS_DEPLOYMENT_TARGET = 18.2;
				MARKETING_VERSION = 1.0;
				PRODUCT_BUNDLE_IDENTIFIER = GG.TrainViewerTests;
				PRODUCT_NAME = "$(TARGET_NAME)";
				SWIFT_EMIT_LOC_STRINGS = NO;
				SWIFT_VERSION = 5.0;
				TARGETED_DEVICE_FAMILY = "1,2";
				TEST_HOST = "$(BUILT_PRODUCTS_DIR)/TrainViewer.app/$(BUNDLE_EXECUTABLE_FOLDER_PATH)/TrainViewer";
			};
			name = Debug;
		};
		F347DCFA2E4C7C9200F52D00 /* Release */ = {
			isa = XCBuildConfiguration;
			buildSettings = {
				BUNDLE_LOADER = "$(TEST_HOST)";
				CODE_SIGN_STYLE = Automatic;
				CURRENT_PROJECT_VERSION = 1;
				DEVELOPMENT_TEAM = AZ3UBYX9QX;
				GENERATE_INFOPLIST_FILE = YES;
				IPHONEOS_DEPLOYMENT_TARGET = 18.2;
				MARKETING_VERSION = 1.0;
				PRODUCT_BUNDLE_IDENTIFIER = GG.TrainViewerTests;
				PRODUCT_NAME = "$(TARGET_NAME)";
				SWIFT_EMIT_LOC_STRINGS = NO;
				SWIFT_VERSION = 5.0;
				TARGETED_DEVICE_FAMILY = "1,2";
				TEST_HOST = "$(BUILT_PRODUCTS_DIR)/TrainViewer.app/$(BUNDLE_EXECUTABLE_FOLDER_PATH)/TrainViewer";
			};
			name = Release;
		};
		F347DCFC2E4C7C9200F52D00 /* Debug */ = {
			isa = XCBuildConfiguration;
			buildSettings = {
				CODE_SIGN_STYLE = Automatic;
				CURRENT_PROJECT_VERSION = 1;
				DEVELOPMENT_TEAM = AZ3UBYX9QX;
				GENERATE_INFOPLIST_FILE = YES;
				MARKETING_VERSION = 1.0;
				PRODUCT_BUNDLE_IDENTIFIER = GG.TrainViewerUITests;
				PRODUCT_NAME = "$(TARGET_NAME)";
				SWIFT_EMIT_LOC_STRINGS = NO;
				SWIFT_VERSION = 5.0;
				TARGETED_DEVICE_FAMILY = "1,2";
				TEST_TARGET_NAME = TrainViewer;
			};
			name = Debug;
		};
		F347DCFD2E4C7C9200F52D00 /* Release */ = {
			isa = XCBuildConfiguration;
			buildSettings = {
				CODE_SIGN_STYLE = Automatic;
				CURRENT_PROJECT_VERSION = 1;
				DEVELOPMENT_TEAM = AZ3UBYX9QX;
				GENERATE_INFOPLIST_FILE = YES;
				MARKETING_VERSION = 1.0;
				PRODUCT_BUNDLE_IDENTIFIER = GG.TrainViewerUITests;
				PRODUCT_NAME = "$(TARGET_NAME)";
				SWIFT_EMIT_LOC_STRINGS = NO;
				SWIFT_VERSION = 5.0;
				TARGETED_DEVICE_FAMILY = "1,2";
				TEST_TARGET_NAME = TrainViewer;
			};
			name = Release;
		};
		F3FA06EE2E4D1BFA00091DE9 /* Debug */ = {
			isa = XCBuildConfiguration;
			buildSettings = {
				ASSETCATALOG_COMPILER_GLOBAL_ACCENT_COLOR_NAME = AccentColor;
				ASSETCATALOG_COMPILER_WIDGET_BACKGROUND_COLOR_NAME = WidgetBackground;
				CODE_SIGN_ENTITLEMENTS = TrainViewerWidgetExtension.entitlements;
				CODE_SIGN_STYLE = Automatic;
				CURRENT_PROJECT_VERSION = 1;
				DEVELOPMENT_TEAM = AZ3UBYX9QX;
				GENERATE_INFOPLIST_FILE = YES;
				INFOPLIST_FILE = TrainViewerWidget/Info.plist;
				INFOPLIST_KEY_CFBundleDisplayName = TrainViewerWidget;
				INFOPLIST_KEY_NSHumanReadableCopyright = "";
				LD_RUNPATH_SEARCH_PATHS = (
					"$(inherited)",
					"@executable_path/Frameworks",
					"@executable_path/../../Frameworks",
				);
				MARKETING_VERSION = 1.0;
				PRODUCT_BUNDLE_IDENTIFIER = GG.TrainViewer.TrainViewerWidget;
				PRODUCT_NAME = "$(TARGET_NAME)";
				SKIP_INSTALL = YES;
				SWIFT_EMIT_LOC_STRINGS = YES;
				SWIFT_VERSION = 5.0;
				TARGETED_DEVICE_FAMILY = "1,2";
			};
			name = Debug;
		};
		F3FA06EF2E4D1BFA00091DE9 /* Release */ = {
			isa = XCBuildConfiguration;
			buildSettings = {
				ASSETCATALOG_COMPILER_GLOBAL_ACCENT_COLOR_NAME = AccentColor;
				ASSETCATALOG_COMPILER_WIDGET_BACKGROUND_COLOR_NAME = WidgetBackground;
				CODE_SIGN_ENTITLEMENTS = TrainViewerWidgetExtension.entitlements;
				CODE_SIGN_STYLE = Automatic;
				CURRENT_PROJECT_VERSION = 1;
				DEVELOPMENT_TEAM = AZ3UBYX9QX;
				GENERATE_INFOPLIST_FILE = YES;
				INFOPLIST_FILE = TrainViewerWidget/Info.plist;
				INFOPLIST_KEY_CFBundleDisplayName = TrainViewerWidget;
				INFOPLIST_KEY_NSHumanReadableCopyright = "";
				LD_RUNPATH_SEARCH_PATHS = (
					"$(inherited)",
					"@executable_path/Frameworks",
					"@executable_path/../../Frameworks",
				);
				MARKETING_VERSION = 1.0;
				PRODUCT_BUNDLE_IDENTIFIER = GG.TrainViewer.TrainViewerWidget;
				PRODUCT_NAME = "$(TARGET_NAME)";
				SKIP_INSTALL = YES;
				SWIFT_EMIT_LOC_STRINGS = YES;
				SWIFT_VERSION = 5.0;
				TARGETED_DEVICE_FAMILY = "1,2";
			};
			name = Release;
		};
/* End XCBuildConfiguration section */

/* Begin XCConfigurationList section */
		F347DCCC2E4C7C8F00F52D00 /* Build configuration list for PBXProject "TrainViewer" */ = {
			isa = XCConfigurationList;
			buildConfigurations = (
				F347DCF32E4C7C9200F52D00 /* Debug */,
				F347DCF42E4C7C9200F52D00 /* Release */,
			);
			defaultConfigurationIsVisible = 0;
			defaultConfigurationName = Release;
		};
		F347DCF52E4C7C9200F52D00 /* Build configuration list for PBXNativeTarget "TrainViewer" */ = {
			isa = XCConfigurationList;
			buildConfigurations = (
				F347DCF62E4C7C9200F52D00 /* Debug */,
				F347DCF72E4C7C9200F52D00 /* Release */,
			);
			defaultConfigurationIsVisible = 0;
			defaultConfigurationName = Release;
		};
		F347DCF82E4C7C9200F52D00 /* Build configuration list for PBXNativeTarget "TrainViewerTests" */ = {
			isa = XCConfigurationList;
			buildConfigurations = (
				F347DCF92E4C7C9200F52D00 /* Debug */,
				F347DCFA2E4C7C9200F52D00 /* Release */,
			);
			defaultConfigurationIsVisible = 0;
			defaultConfigurationName = Release;
		};
		F347DCFB2E4C7C9200F52D00 /* Build configuration list for PBXNativeTarget "TrainViewerUITests" */ = {
			isa = XCConfigurationList;
			buildConfigurations = (
				F347DCFC2E4C7C9200F52D00 /* Debug */,
				F347DCFD2E4C7C9200F52D00 /* Release */,
			);
			defaultConfigurationIsVisible = 0;
			defaultConfigurationName = Release;
		};
		F3FA06F02E4D1BFA00091DE9 /* Build configuration list for PBXNativeTarget "TrainViewerWidgetExtension" */ = {
			isa = XCConfigurationList;
			buildConfigurations = (
				F3FA06EE2E4D1BFA00091DE9 /* Debug */,
				F3FA06EF2E4D1BFA00091DE9 /* Release */,
			);
			defaultConfigurationIsVisible = 0;
			defaultConfigurationName = Release;
		};
/* End XCConfigurationList section */
	};
	rootObject = F347DCC92E4C7C8F00F52D00 /* Project object */;
}
