// !$*UTF8*$!
{
	archiveVersion = 1;
	classes = {
	};
	objectVersion = 56;
	objects = {

/* Begin PBXBuildFile section */
		01146ABCB3FDC67FCCEC2DB6 /* NextDepartureWidget.swift in Sources */ = {isa = PBXBuildFile; fileRef = FB29A8B12C750AA1FE724D9F /* NextDepartureWidget.swift */; };
		198F4BC589C6E3E9DC5F4D3C /* TransportModel.xcdatamodeld in Sources */ = {isa = PBXBuildFile; fileRef = 102DF236141D1C4F1D4F2927 /* TransportModel.xcdatamodeld */; };
		1D725DAE9C29E5243E45CF04 /* App.swift in Sources */ = {isa = PBXBuildFile; fileRef = EEA3A273031B05433C4AA656 /* App.swift */; };
		2F02A6CD19E05B581B0A0A9E /* LocationManager.swift in Sources */ = {isa = PBXBuildFile; fileRef = 0816D83BB8514ED9647DA1B0 /* LocationManager.swift */; };
		4DD8B1CD07F71B265B805C60 /* EditRouteView.swift in Sources */ = {isa = PBXBuildFile; fileRef = 376F2B4F9CE134BF48ED5D8C /* EditRouteView.swift */; };
		5AEE698F0A3D7D27CE84AE3E /* RouteEntity.swift in Sources */ = {isa = PBXBuildFile; fileRef = 32A48ABC606200F562017086 /* RouteEntity.swift */; };
		956BCA149690787B3602238C /* TransitAPI.swift in Sources */ = {isa = PBXBuildFile; fileRef = 49931C6D56AD1524B9EAD5CD /* TransitAPI.swift */; };
		A0E1E2E3E4E5E6E7E8E9EA10 /* RouteDestination.swift in Sources */ = {isa = PBXBuildFile; fileRef = A0E1E2E3E4E5E6E7E8E9EA11 /* RouteDestination.swift */; };
		A0F1F2F3F4F5F6F7F8F9FA00 /* SharedCache.swift in Sources */ = {isa = PBXBuildFile; fileRef = A0F1F2F3F4F5F6F7F8F9FA01 /* SharedCache.swift */; };
		C25F5F176D35582B5D6706F6 /* AddRouteView.swift in Sources */ = {isa = PBXBuildFile; fileRef = 92DAC0BDCACB2301184D85B1 /* AddRouteView.swift */; };
		D77BD8BAA0D99FCE386C189A /* RoutesListView.swift in Sources */ = {isa = PBXBuildFile; fileRef = 1B4D9A2F2F5C22A6A0A56B02 /* RoutesListView.swift */; };
		DBE68F91342C9DB9412717D8 /* ContentView.swift in Sources */ = {isa = PBXBuildFile; fileRef = D472F99BBE1CF5B13A0340D5 /* ContentView.swift */; };
		E6AA21AE9369C2712DAE55DB /* NextDepartureWidget.appex in Embed Foundation Extensions */ = {isa = PBXBuildFile; fileRef = 2BF5C6CE64FC6622E4A89DA7 /* NextDepartureWidget.appex */; settings = {ATTRIBUTES = (RemoveHeadersOnCopy, ); }; };
		F3FA071A2E4DDB9100091DE9 /* HomeMapView.swift in Sources */ = {isa = PBXBuildFile; fileRef = F3FA07182E4DDB9100091DE9 /* HomeMapView.swift */; };
		F3FA071B2E4DDB9100091DE9 /* TicketDetailsView.swift in Sources */ = {isa = PBXBuildFile; fileRef = F3FA07192E4DDB9100091DE9 /* TicketDetailsView.swift */; };
		F3FA071E2E4DFDEE00091DE9 /* LiveTransitAPI.swift in Sources */ = {isa = PBXBuildFile; fileRef = F3FA071C2E4DFDEE00091DE9 /* LiveTransitAPI.swift */; };
		F3FA071F2E4DFDEE00091DE9 /* TransitAPIProvider.swift in Sources */ = {isa = PBXBuildFile; fileRef = F3FA071D2E4DFDEE00091DE9 /* TransitAPIProvider.swift */; };
		F3FA07282E4DFE2F00091DE9 /* AppPreferences.swift in Sources */ = {isa = PBXBuildFile; fileRef = F3FA07202E4DFE2F00091DE9 /* AppPreferences.swift */; };
		F3FA07292E4DFE2F00091DE9 /* UserEntity.swift in Sources */ = {isa = PBXBuildFile; fileRef = F3FA07252E4DFE2F00091DE9 /* UserEntity.swift */; };
		F3FA072A2E4DFE2F00091DE9 /* RouteRepository.swift in Sources */ = {isa = PBXBuildFile; fileRef = F3FA07212E4DFE2F00091DE9 /* RouteRepository.swift */; };
		F3FA072B2E4DFE2F00091DE9 /* TicketRepository.swift in Sources */ = {isa = PBXBuildFile; fileRef = F3FA07232E4DFE2F00091DE9 /* TicketRepository.swift */; };
		F3FA072C2E4DFE2F00091DE9 /* TicketEntity.swift in Sources */ = {isa = PBXBuildFile; fileRef = F3FA07222E4DFE2F00091DE9 /* TicketEntity.swift */; };
		F3FA072D2E4DFE2F00091DE9 /* UserRepository.swift in Sources */ = {isa = PBXBuildFile; fileRef = F3FA07262E4DFE2F00091DE9 /* UserRepository.swift */; };
		F3FA072E2E4DFE2F00091DE9 /* TransportModel.xcdatamodeld in Sources */ = {isa = PBXBuildFile; fileRef = F3FA07242E4DFE2F00091DE9 /* TransportModel.xcdatamodeld */; };
		F3FA07332E4E041000091DE9 /* DisruptionMonitor.swift in Sources */ = {isa = PBXBuildFile; fileRef = F3FA07302E4E041000091DE9 /* DisruptionMonitor.swift */; };
		F3FA07342E4E041000091DE9 /* AuthProvider.swift in Sources */ = {isa = PBXBuildFile; fileRef = F3FA072F2E4E041000091DE9 /* AuthProvider.swift */; };
		F3FA07352E4E041000091DE9 /* TransportModel.xcdatamodeld in Sources */ = {isa = PBXBuildFile; fileRef = F3FA07312E4E041000091DE9 /* TransportModel.xcdatamodeld */; };
		F3FA07372E4E045C00091DE9 /* WidgetConfigView.swift in Sources */ = {isa = PBXBuildFile; fileRef = F3FA07362E4E045C00091DE9 /* WidgetConfigView.swift */; };
		F3FA07392E4E176E00091DE9 /* OnboardingManager.swift in Sources */ = {isa = PBXBuildFile; fileRef = F3FA07382E4E176E00091DE9 /* OnboardingManager.swift */; };
		F3FA073E2E4E179200091DE9 /* OnboardingFlowView.swift in Sources */ = {isa = PBXBuildFile; fileRef = F3FA073A2E4E179200091DE9 /* OnboardingFlowView.swift */; };
		F3FA073F2E4E179200091DE9 /* RoutePreviewView.swift in Sources */ = {isa = PBXBuildFile; fileRef = F3FA073D2E4E179200091DE9 /* RoutePreviewView.swift */; };
		F3FA07402E4E179200091DE9 /* RoutePreviewDestinationSearch.swift in Sources */ = {isa = PBXBuildFile; fileRef = F3FA073C2E4E179200091DE9 /* RoutePreviewDestinationSearch.swift */; };
		FED77CA8E6482FF2F3B6AC0F /* PersistenceController.swift in Sources */ = {isa = PBXBuildFile; fileRef = 1604DAB19703F2F3509A859A /* PersistenceController.swift */; };
/* End PBXBuildFile section */

/* Begin PBXContainerItemProxy section */
		FF75CD8CAF9324B77540CD6F /* PBXContainerItemProxy */ = {
			isa = PBXContainerItemProxy;
			containerPortal = 4BEE41D8E55C9F557353FE11 /* Project object */;
			proxyType = 1;
			remoteGlobalIDString = 0A0F8E280A4E6772414A459B;
			remoteInfo = NextDepartureWidget;
		};
/* End PBXContainerItemProxy section */

/* Begin PBXCopyFilesBuildPhase section */
		40E26D68E7C80697319C584F /* Embed Foundation Extensions */ = {
			isa = PBXCopyFilesBuildPhase;
			buildActionMask = 2147483647;
			dstPath = "";
			dstSubfolderSpec = 13;
			files = (
				E6AA21AE9369C2712DAE55DB /* NextDepartureWidget.appex in Embed Foundation Extensions */,
			);
			name = "Embed Foundation Extensions";
			runOnlyForDeploymentPostprocessing = 0;
		};
/* End PBXCopyFilesBuildPhase section */

/* Begin PBXFileReference section */
		0816D83BB8514ED9647DA1B0 /* LocationManager.swift */ = {isa = PBXFileReference; lastKnownFileType = sourcecode.swift; path = LocationManager.swift; sourceTree = "<group>"; };
		1604DAB19703F2F3509A859A /* PersistenceController.swift */ = {isa = PBXFileReference; lastKnownFileType = sourcecode.swift; path = PersistenceController.swift; sourceTree = "<group>"; };
		1B4D9A2F2F5C22A6A0A56B02 /* RoutesListView.swift */ = {isa = PBXFileReference; lastKnownFileType = sourcecode.swift; path = RoutesListView.swift; sourceTree = "<group>"; };
		2BF5C6CE64FC6622E4A89DA7 /* NextDepartureWidget.appex */ = {isa = PBXFileReference; explicitFileType = "wrapper.app-extension"; includeInIndex = 0; path = NextDepartureWidget.appex; sourceTree = BUILT_PRODUCTS_DIR; };
		32A48ABC606200F562017086 /* RouteEntity.swift */ = {isa = PBXFileReference; lastKnownFileType = sourcecode.swift; path = RouteEntity.swift; sourceTree = "<group>"; };
		376F2B4F9CE134BF48ED5D8C /* EditRouteView.swift */ = {isa = PBXFileReference; lastKnownFileType = sourcecode.swift; path = EditRouteView.swift; sourceTree = "<group>"; };
		49931C6D56AD1524B9EAD5CD /* TransitAPI.swift */ = {isa = PBXFileReference; lastKnownFileType = sourcecode.swift; path = TransitAPI.swift; sourceTree = "<group>"; };
		5A3A8F50BC2F576652B9E951 /* TrainViewer.app */ = {isa = PBXFileReference; explicitFileType = wrapper.application; includeInIndex = 0; path = TrainViewer.app; sourceTree = BUILT_PRODUCTS_DIR; };
		92DAC0BDCACB2301184D85B1 /* AddRouteView.swift */ = {isa = PBXFileReference; lastKnownFileType = sourcecode.swift; path = AddRouteView.swift; sourceTree = "<group>"; };
		97D63AB86DD2FBF3AD741723 /* TransportModel.xcdatamodel */ = {isa = PBXFileReference; lastKnownFileType = wrapper.xcdatamodel; path = TransportModel.xcdatamodel; sourceTree = "<group>"; };
		A0E1E2E3E4E5E6E7E8E9EA11 /* RouteDestination.swift */ = {isa = PBXFileReference; lastKnownFileType = sourcecode.swift; path = RouteDestination.swift; sourceTree = "<group>"; };
		A0F1F2F3F4F5F6F7F8F9FA01 /* SharedCache.swift */ = {isa = PBXFileReference; lastKnownFileType = sourcecode.swift; path = SharedCache.swift; sourceTree = "<group>"; };
		D472F99BBE1CF5B13A0340D5 /* ContentView.swift */ = {isa = PBXFileReference; lastKnownFileType = sourcecode.swift; path = ContentView.swift; sourceTree = "<group>"; };
		EEA3A273031B05433C4AA656 /* App.swift */ = {isa = PBXFileReference; lastKnownFileType = sourcecode.swift; path = App.swift; sourceTree = "<group>"; };
		F3FA07182E4DDB9100091DE9 /* HomeMapView.swift */ = {isa = PBXFileReference; lastKnownFileType = sourcecode.swift; path = HomeMapView.swift; sourceTree = "<group>"; };
		F3FA07192E4DDB9100091DE9 /* TicketDetailsView.swift */ = {isa = PBXFileReference; lastKnownFileType = sourcecode.swift; path = TicketDetailsView.swift; sourceTree = "<group>"; };
		F3FA071C2E4DFDEE00091DE9 /* LiveTransitAPI.swift */ = {isa = PBXFileReference; lastKnownFileType = sourcecode.swift; path = LiveTransitAPI.swift; sourceTree = "<group>"; };
		F3FA071D2E4DFDEE00091DE9 /* TransitAPIProvider.swift */ = {isa = PBXFileReference; lastKnownFileType = sourcecode.swift; path = TransitAPIProvider.swift; sourceTree = "<group>"; };
		F3FA07202E4DFE2F00091DE9 /* AppPreferences.swift */ = {isa = PBXFileReference; lastKnownFileType = sourcecode.swift; path = AppPreferences.swift; sourceTree = "<group>"; };
		F3FA07212E4DFE2F00091DE9 /* RouteRepository.swift */ = {isa = PBXFileReference; lastKnownFileType = sourcecode.swift; path = RouteRepository.swift; sourceTree = "<group>"; };
		F3FA07222E4DFE2F00091DE9 /* TicketEntity.swift */ = {isa = PBXFileReference; lastKnownFileType = sourcecode.swift; path = TicketEntity.swift; sourceTree = "<group>"; };
		F3FA07232E4DFE2F00091DE9 /* TicketRepository.swift */ = {isa = PBXFileReference; lastKnownFileType = sourcecode.swift; path = TicketRepository.swift; sourceTree = "<group>"; };
		F3FA07252E4DFE2F00091DE9 /* UserEntity.swift */ = {isa = PBXFileReference; lastKnownFileType = sourcecode.swift; path = UserEntity.swift; sourceTree = "<group>"; };
		F3FA07262E4DFE2F00091DE9 /* UserRepository.swift */ = {isa = PBXFileReference; lastKnownFileType = sourcecode.swift; path = UserRepository.swift; sourceTree = "<group>"; };
		F3FA07272E4DFE2F00091DE9 /* TransportModel.xcdatamodel */ = {isa = PBXFileReference; lastKnownFileType = wrapper.xcdatamodel; path = TransportModel.xcdatamodel; sourceTree = "<group>"; };
		F3FA072F2E4E041000091DE9 /* AuthProvider.swift */ = {isa = PBXFileReference; lastKnownFileType = sourcecode.swift; path = AuthProvider.swift; sourceTree = "<group>"; };
		F3FA07302E4E041000091DE9 /* DisruptionMonitor.swift */ = {isa = PBXFileReference; lastKnownFileType = sourcecode.swift; path = DisruptionMonitor.swift; sourceTree = "<group>"; };
		F3FA07322E4E041000091DE9 /* TransportModel.xcdatamodel */ = {isa = PBXFileReference; lastKnownFileType = wrapper.xcdatamodel; path = TransportModel.xcdatamodel; sourceTree = "<group>"; };
		F3FA07362E4E045C00091DE9 /* WidgetConfigView.swift */ = {isa = PBXFileReference; lastKnownFileType = sourcecode.swift; path = WidgetConfigView.swift; sourceTree = "<group>"; };
		F3FA07382E4E176E00091DE9 /* OnboardingManager.swift */ = {isa = PBXFileReference; lastKnownFileType = sourcecode.swift; path = OnboardingManager.swift; sourceTree = "<group>"; };
		F3FA073A2E4E179200091DE9 /* OnboardingFlowView.swift */ = {isa = PBXFileReference; lastKnownFileType = sourcecode.swift; path = OnboardingFlowView.swift; sourceTree = "<group>"; };
		F3FA073C2E4E179200091DE9 /* RoutePreviewDestinationSearch.swift */ = {isa = PBXFileReference; lastKnownFileType = sourcecode.swift; path = RoutePreviewDestinationSearch.swift; sourceTree = "<group>"; };
		F3FA073D2E4E179200091DE9 /* RoutePreviewView.swift */ = {isa = PBXFileReference; lastKnownFileType = sourcecode.swift; path = RoutePreviewView.swift; sourceTree = "<group>"; };
		FB29A8B12C750AA1FE724D9F /* NextDepartureWidget.swift */ = {isa = PBXFileReference; lastKnownFileType = sourcecode.swift; path = NextDepartureWidget.swift; sourceTree = "<group>"; };
/* End PBXFileReference section */

/* Begin PBXGroup section */
		13611AFD39DE587A6AD9D180 /* Views */ = {
			isa = PBXGroup;
			children = (
				92DAC0BDCACB2301184D85B1 /* AddRouteView.swift */,
				376F2B4F9CE134BF48ED5D8C /* EditRouteView.swift */,
				F3FA07182E4DDB9100091DE9 /* HomeMapView.swift */,
				F3FA073B2E4E179200091DE9 /* Onboarding */,
				F3FA073C2E4E179200091DE9 /* RoutePreviewDestinationSearch.swift */,
				F3FA073D2E4E179200091DE9 /* RoutePreviewView.swift */,
				F3FA07362E4E045C00091DE9 /* WidgetConfigView.swift */,
				F3FA07192E4DDB9100091DE9 /* TicketDetailsView.swift */,
				1B4D9A2F2F5C22A6A0A56B02 /* RoutesListView.swift */,
				A0E1E2E3E4E5E6E7E8E9EA11 /* RouteDestination.swift */,
			);
			path = Views;
			sourceTree = "<group>";
		};
		4BCCAA5CA7F43F02140944F4 /* Location */ = {
			isa = PBXGroup;
			children = (
				0816D83BB8514ED9647DA1B0 /* LocationManager.swift */,
			);
			path = Location;
			sourceTree = "<group>";
		};
		5DC655AABD5355981B6198A6 /* Model */ = {
			isa = PBXGroup;
			children = (
				1604DAB19703F2F3509A859A /* PersistenceController.swift */,
				32A48ABC606200F562017086 /* RouteEntity.swift */,
				F3FA07202E4DFE2F00091DE9 /* AppPreferences.swift */,
				F3FA07212E4DFE2F00091DE9 /* RouteRepository.swift */,
				F3FA07382E4E176E00091DE9 /* OnboardingManager.swift */,
				F3FA07222E4DFE2F00091DE9 /* TicketEntity.swift */,
				F3FA072F2E4E041000091DE9 /* AuthProvider.swift */,
				F3FA07302E4E041000091DE9 /* DisruptionMonitor.swift */,
				F3FA07312E4E041000091DE9 /* TransportModel.xcdatamodeld */,
				F3FA07232E4DFE2F00091DE9 /* TicketRepository.swift */,
				F3FA07242E4DFE2F00091DE9 /* TransportModel.xcdatamodeld */,
				F3FA07252E4DFE2F00091DE9 /* UserEntity.swift */,
				F3FA07262E4DFE2F00091DE9 /* UserRepository.swift */,
				A0F1F2F3F4F5F6F7F8F9FA01 /* SharedCache.swift */,
				102DF236141D1C4F1D4F2927 /* TransportModel.xcdatamodeld */,
			);
			path = Model;
			sourceTree = "<group>";
		};
		6E7C91A0C0720BC78607BF98 /* NextDepartureWidget */ = {
			isa = PBXGroup;
			children = (
				FB29A8B12C750AA1FE724D9F /* NextDepartureWidget.swift */,
			);
			name = NextDepartureWidget;
			path = Sources/NextDepartureWidget;
			sourceTree = "<group>";
		};
		850008423095A01F92E2D514 /* TrainViewer */ = {
			isa = PBXGroup;
			children = (
				EEA3A273031B05433C4AA656 /* App.swift */,
				D472F99BBE1CF5B13A0340D5 /* ContentView.swift */,
				4BCCAA5CA7F43F02140944F4 /* Location */,
				5DC655AABD5355981B6198A6 /* Model */,
				ABFC43F552438C43E8C1DE02 /* Networking */,
				13611AFD39DE587A6AD9D180 /* Views */,
			);
			name = TrainViewer;
			path = Sources/TrainViewer;
			sourceTree = "<group>";
		};
		A1CCC79382C94D40D2ECDF60 = {
			isa = PBXGroup;
			children = (
				6E7C91A0C0720BC78607BF98 /* NextDepartureWidget */,
				850008423095A01F92E2D514 /* TrainViewer */,
				E35236CE76604AFBB70655E5 /* Products */,
			);
			sourceTree = "<group>";
		};
		ABFC43F552438C43E8C1DE02 /* Networking */ = {
			isa = PBXGroup;
			children = (
				49931C6D56AD1524B9EAD5CD /* TransitAPI.swift */,
				F3FA071C2E4DFDEE00091DE9 /* LiveTransitAPI.swift */,
				F3FA071D2E4DFDEE00091DE9 /* TransitAPIProvider.swift */,
			);
			path = Networking;
			sourceTree = "<group>";
		};
		E35236CE76604AFBB70655E5 /* Products */ = {
			isa = PBXGroup;
			children = (
				2BF5C6CE64FC6622E4A89DA7 /* NextDepartureWidget.appex */,
				5A3A8F50BC2F576652B9E951 /* TrainViewer.app */,
			);
			name = Products;
			sourceTree = "<group>";
		};
		F3FA073B2E4E179200091DE9 /* Onboarding */ = {
			isa = PBXGroup;
			children = (
				F3FA073A2E4E179200091DE9 /* OnboardingFlowView.swift */,
			);
			path = Onboarding;
			sourceTree = "<group>";
		};
/* End PBXGroup section */

/* Begin PBXNativeTarget section */
		020CCDA01B9EC3D11E391CBB /* TrainViewer */ = {
			isa = PBXNativeTarget;
			buildConfigurationList = 89D9B8FCC671AD2A928879CD /* Build configuration list for PBXNativeTarget "TrainViewer" */;
			buildPhases = (
				701A9CA1DB147DDCC2DA92FA /* Sources */,
				40E26D68E7C80697319C584F /* Embed Foundation Extensions */,
			);
			buildRules = (
			);
			dependencies = (
				4A31811B4943C57403B829CC /* PBXTargetDependency */,
			);
			name = TrainViewer;
			productName = TrainViewer;
			productReference = 5A3A8F50BC2F576652B9E951 /* TrainViewer.app */;
			productType = "com.apple.product-type.application";
		};
		0A0F8E280A4E6772414A459B /* NextDepartureWidget */ = {
			isa = PBXNativeTarget;
			buildConfigurationList = 5DD9C8DE3A8841C61A573100 /* Build configuration list for PBXNativeTarget "NextDepartureWidget" */;
			buildPhases = (
				9E48CE1BDB73E2EF7EBCEE61 /* Sources */,
			);
			buildRules = (
			);
			dependencies = (
			);
			name = NextDepartureWidget;
			productName = NextDepartureWidget;
			productReference = 2BF5C6CE64FC6622E4A89DA7 /* NextDepartureWidget.appex */;
			productType = "com.apple.product-type.app-extension";
		};
/* End PBXNativeTarget section */

/* Begin PBXProject section */
		4BEE41D8E55C9F557353FE11 /* Project object */ = {
			isa = PBXProject;
			attributes = {
				BuildIndependentTargetsInParallel = YES;
				LastUpgradeCheck = 1430;
				TargetAttributes = {
					0A0F8E280A4E6772414A459B = {
						ProvisioningStyle = Automatic;
					};
				};
			};
			buildConfigurationList = ADF0C304EBCE936D44455D05 /* Build configuration list for PBXProject "TrainViewer" */;
			compatibilityVersion = "Xcode 14.0";
			developmentRegion = en;
			hasScannedForEncodings = 0;
			knownRegions = (
				Base,
				en,
			);
			mainGroup = A1CCC79382C94D40D2ECDF60;
			projectDirPath = "";
			projectRoot = "";
			targets = (
				0A0F8E280A4E6772414A459B /* NextDepartureWidget */,
				020CCDA01B9EC3D11E391CBB /* TrainViewer */,
			);
		};
/* End PBXProject section */

/* Begin PBXSourcesBuildPhase section */
		701A9CA1DB147DDCC2DA92FA /* Sources */ = {
			isa = PBXSourcesBuildPhase;
			buildActionMask = 2147483647;
			files = (
				C25F5F176D35582B5D6706F6 /* AddRouteView.swift in Sources */,
				1D725DAE9C29E5243E45CF04 /* App.swift in Sources */,
				DBE68F91342C9DB9412717D8 /* ContentView.swift in Sources */,
				F3FA07372E4E045C00091DE9 /* WidgetConfigView.swift in Sources */,
				4DD8B1CD07F71B265B805C60 /* EditRouteView.swift in Sources */,
				2F02A6CD19E05B581B0A0A9E /* LocationManager.swift in Sources */,
				FED77CA8E6482FF2F3B6AC0F /* PersistenceController.swift in Sources */,
				5AEE698F0A3D7D27CE84AE3E /* RouteEntity.swift in Sources */,
				F3FA071A2E4DDB9100091DE9 /* HomeMapView.swift in Sources */,
				F3FA071B2E4DDB9100091DE9 /* TicketDetailsView.swift in Sources */,
				D77BD8BAA0D99FCE386C189A /* RoutesListView.swift in Sources */,
				956BCA149690787B3602238C /* TransitAPI.swift in Sources */,
				198F4BC589C6E3E9DC5F4D3C /* TransportModel.xcdatamodeld in Sources */,
				A0F1F2F3F4F5F6F7F8F9FA00 /* SharedCache.swift in Sources */,
				A0E1E2E3E4E5E6E7E8E9EA10 /* RouteDestination.swift in Sources */,
				F3FA07332E4E041000091DE9 /* DisruptionMonitor.swift in Sources */,
				F3FA073E2E4E179200091DE9 /* OnboardingFlowView.swift in Sources */,
				F3FA073F2E4E179200091DE9 /* RoutePreviewView.swift in Sources */,
				F3FA07402E4E179200091DE9 /* RoutePreviewDestinationSearch.swift in Sources */,
				F3FA07392E4E176E00091DE9 /* OnboardingManager.swift in Sources */,
				F3FA07342E4E041000091DE9 /* AuthProvider.swift in Sources */,
				F3FA07352E4E041000091DE9 /* TransportModel.xcdatamodeld in Sources */,
				F3FA07282E4DFE2F00091DE9 /* AppPreferences.swift in Sources */,
				F3FA07292E4DFE2F00091DE9 /* UserEntity.swift in Sources */,
				F3FA072A2E4DFE2F00091DE9 /* RouteRepository.swift in Sources */,
				F3FA072B2E4DFE2F00091DE9 /* TicketRepository.swift in Sources */,
				F3FA072C2E4DFE2F00091DE9 /* TicketEntity.swift in Sources */,
				F3FA072D2E4DFE2F00091DE9 /* UserRepository.swift in Sources */,
				F3FA072E2E4DFE2F00091DE9 /* TransportModel.xcdatamodeld in Sources */,
				F3FA071E2E4DFDEE00091DE9 /* LiveTransitAPI.swift in Sources */,
				F3FA071F2E4DFDEE00091DE9 /* TransitAPIProvider.swift in Sources */,
			);
			runOnlyForDeploymentPostprocessing = 0;
		};
		9E48CE1BDB73E2EF7EBCEE61 /* Sources */ = {
			isa = PBXSourcesBuildPhase;
			buildActionMask = 2147483647;
			files = (
				01146ABCB3FDC67FCCEC2DB6 /* NextDepartureWidget.swift in Sources */,
			);
			runOnlyForDeploymentPostprocessing = 0;
		};
/* End PBXSourcesBuildPhase section */

/* Begin PBXTargetDependency section */
		4A31811B4943C57403B829CC /* PBXTargetDependency */ = {
			isa = PBXTargetDependency;
			target = 0A0F8E280A4E6772414A459B /* NextDepartureWidget */;
			targetProxy = FF75CD8CAF9324B77540CD6F /* PBXContainerItemProxy */;
		};
/* End PBXTargetDependency section */

/* Begin XCBuildConfiguration section */
		2BF565D0B5FB5D223D5EB6E6 /* Release */ = {
			isa = XCBuildConfiguration;
			buildSettings = {
				APPLICATION_EXTENSION_API_ONLY = YES;
				CODE_SIGN_ENTITLEMENTS = NextDepartureWidget.entitlements;
				CODE_SIGN_STYLE = Automatic;
				DEVELOPMENT_TEAM = AZ3UBYX9QX;
				GENERATE_INFOPLIST_FILE = NO;
				INFOPLIST_FILE = "Support/NextDepartureWidget-Info.plist";
				IPHONEOS_DEPLOYMENT_TARGET = 17.6;
				LD_RUNPATH_SEARCH_PATHS = (
					"$(inherited)",
					"@executable_path/Frameworks",
					"@executable_path/../../Frameworks",
				);
				PRODUCT_BUNDLE_IDENTIFIER = com.trainviewer.app.widget;
				SDKROOT = iphoneos;
				SUPPORTED_PLATFORMS = "iphoneos iphonesimulator";
				SUPPORTS_MACCATALYST = NO;
				SUPPORTS_MAC_DESIGNED_FOR_IPHONE_IPAD = NO;
				SUPPORTS_XR_DESIGNED_FOR_IPHONE_IPAD = NO;
				TARGETED_DEVICE_FAMILY = 1;
			};
			name = Release;
		};
		3EF4AA8FB4E7B1F6D4EB2EAE /* Release */ = {
			isa = XCBuildConfiguration;
			buildSettings = {
				ALWAYS_SEARCH_USER_PATHS = NO;
				CLANG_ANALYZER_NONNULL = YES;
				CLANG_ANALYZER_NUMBER_OBJECT_CONVERSION = YES_AGGRESSIVE;
				CLANG_CXX_LANGUAGE_STANDARD = "gnu++14";
				CLANG_CXX_LIBRARY = "libc++";
				CLANG_ENABLE_MODULES = YES;
				CLANG_ENABLE_OBJC_ARC = YES;
				CLANG_ENABLE_OBJC_WEAK = YES;
				CLANG_WARN_BLOCK_CAPTURE_AUTORELEASING = YES;
				CLANG_WARN_BOOL_CONVERSION = YES;
				CLANG_WARN_COMMA = YES;
				CLANG_WARN_CONSTANT_CONVERSION = YES;
				CLANG_WARN_DEPRECATED_OBJC_IMPLEMENTATIONS = YES;
				CLANG_WARN_DIRECT_OBJC_ISA_USAGE = YES_ERROR;
				CLANG_WARN_DOCUMENTATION_COMMENTS = YES;
				CLANG_WARN_EMPTY_BODY = YES;
				CLANG_WARN_ENUM_CONVERSION = YES;
				CLANG_WARN_INFINITE_RECURSION = YES;
				CLANG_WARN_INT_CONVERSION = YES;
				CLANG_WARN_NON_LITERAL_NULL_CONVERSION = YES;
				CLANG_WARN_OBJC_IMPLICIT_RETAIN_SELF = YES;
				CLANG_WARN_OBJC_LITERAL_CONVERSION = YES;
				CLANG_WARN_OBJC_ROOT_CLASS = YES_ERROR;
				CLANG_WARN_QUOTED_INCLUDE_IN_FRAMEWORK_HEADER = YES;
				CLANG_WARN_RANGE_LOOP_ANALYSIS = YES;
				CLANG_WARN_STRICT_PROTOTYPES = YES;
				CLANG_WARN_SUSPICIOUS_MOVE = YES;
				CLANG_WARN_UNGUARDED_AVAILABILITY = YES_AGGRESSIVE;
				CLANG_WARN_UNREACHABLE_CODE = YES;
				CLANG_WARN__DUPLICATE_METHOD_MATCH = YES;
				COPY_PHASE_STRIP = NO;
				DEBUG_INFORMATION_FORMAT = "dwarf-with-dsym";
				ENABLE_NS_ASSERTIONS = NO;
				ENABLE_STRICT_OBJC_MSGSEND = YES;
				GCC_C_LANGUAGE_STANDARD = gnu11;
				GCC_NO_COMMON_BLOCKS = YES;
				GCC_WARN_64_TO_32_BIT_CONVERSION = YES;
				GCC_WARN_ABOUT_RETURN_TYPE = YES_ERROR;
				GCC_WARN_UNDECLARED_SELECTOR = YES;
				GCC_WARN_UNINITIALIZED_AUTOS = YES_AGGRESSIVE;
				GCC_WARN_UNUSED_FUNCTION = YES;
				GCC_WARN_UNUSED_VARIABLE = YES;
				IPHONEOS_DEPLOYMENT_TARGET = 15.0;
				MTL_ENABLE_DEBUG_INFO = NO;
				MTL_FAST_MATH = YES;
				PRODUCT_NAME = "$(TARGET_NAME)";
				SDKROOT = iphoneos;
				SWIFT_COMPILATION_MODE = wholemodule;
				SWIFT_OPTIMIZATION_LEVEL = "-O";
				SWIFT_VERSION = 5.9;
			};
			name = Release;
		};
		7FFD63B0F9376ED5B8B350A4 /* Release */ = {
			isa = XCBuildConfiguration;
			buildSettings = {
				ASSETCATALOG_COMPILER_APPICON_NAME = AppIcon;
				CODE_SIGN_ENTITLEMENTS = TrainViewer.entitlements;
				CODE_SIGN_IDENTITY = "Apple Development";
				CODE_SIGN_STYLE = Automatic;
				CURRENT_PROJECT_VERSION = 1;
				DEVELOPMENT_TEAM = AZ3UBYX9QX;
				INFOPLIST_FILE = "Support/TrainViewer-Info.plist";
				INFOPLIST_KEY_LSApplicationCategoryType = "public.app-category.travel";
				IPHONEOS_DEPLOYMENT_TARGET = 17.6;
				LD_RUNPATH_SEARCH_PATHS = (
					"$(inherited)",
					"@executable_path/Frameworks",
				);
				MARKETING_VERSION = 0.1.0;
				PRODUCT_BUNDLE_IDENTIFIER = com.trainviewer.app;
				PROVISIONING_PROFILE_SPECIFIER = "";
				SDKROOT = iphoneos;
				SUPPORTED_PLATFORMS = "iphoneos iphonesimulator";
				SUPPORTS_MACCATALYST = NO;
				SUPPORTS_MAC_DESIGNED_FOR_IPHONE_IPAD = NO;
				SUPPORTS_XR_DESIGNED_FOR_IPHONE_IPAD = NO;
				TARGETED_DEVICE_FAMILY = 1;
			};
			name = Release;
		};
		BCFB0B47B236E797D1B7BBA6 /* Debug */ = {
			isa = XCBuildConfiguration;
			buildSettings = {
				ALWAYS_SEARCH_USER_PATHS = NO;
				CLANG_ANALYZER_NONNULL = YES;
				CLANG_ANALYZER_NUMBER_OBJECT_CONVERSION = YES_AGGRESSIVE;
				CLANG_CXX_LANGUAGE_STANDARD = "gnu++14";
				CLANG_CXX_LIBRARY = "libc++";
				CLANG_ENABLE_MODULES = YES;
				CLANG_ENABLE_OBJC_ARC = YES;
				CLANG_ENABLE_OBJC_WEAK = YES;
				CLANG_WARN_BLOCK_CAPTURE_AUTORELEASING = YES;
				CLANG_WARN_BOOL_CONVERSION = YES;
				CLANG_WARN_COMMA = YES;
				CLANG_WARN_CONSTANT_CONVERSION = YES;
				CLANG_WARN_DEPRECATED_OBJC_IMPLEMENTATIONS = YES;
				CLANG_WARN_DIRECT_OBJC_ISA_USAGE = YES_ERROR;
				CLANG_WARN_DOCUMENTATION_COMMENTS = YES;
				CLANG_WARN_EMPTY_BODY = YES;
				CLANG_WARN_ENUM_CONVERSION = YES;
				CLANG_WARN_INFINITE_RECURSION = YES;
				CLANG_WARN_INT_CONVERSION = YES;
				CLANG_WARN_NON_LITERAL_NULL_CONVERSION = YES;
				CLANG_WARN_OBJC_IMPLICIT_RETAIN_SELF = YES;
				CLANG_WARN_OBJC_LITERAL_CONVERSION = YES;
				CLANG_WARN_OBJC_ROOT_CLASS = YES_ERROR;
				CLANG_WARN_QUOTED_INCLUDE_IN_FRAMEWORK_HEADER = YES;
				CLANG_WARN_RANGE_LOOP_ANALYSIS = YES;
				CLANG_WARN_STRICT_PROTOTYPES = YES;
				CLANG_WARN_SUSPICIOUS_MOVE = YES;
				CLANG_WARN_UNGUARDED_AVAILABILITY = YES_AGGRESSIVE;
				CLANG_WARN_UNREACHABLE_CODE = YES;
				CLANG_WARN__DUPLICATE_METHOD_MATCH = YES;
				COPY_PHASE_STRIP = NO;
				DEBUG_INFORMATION_FORMAT = dwarf;
				ENABLE_STRICT_OBJC_MSGSEND = YES;
				ENABLE_TESTABILITY = YES;
				GCC_C_LANGUAGE_STANDARD = gnu11;
				GCC_DYNAMIC_NO_PIC = NO;
				GCC_NO_COMMON_BLOCKS = YES;
				GCC_OPTIMIZATION_LEVEL = 0;
				GCC_PREPROCESSOR_DEFINITIONS = (
					"$(inherited)",
					"DEBUG=1",
				);
				GCC_WARN_64_TO_32_BIT_CONVERSION = YES;
				GCC_WARN_ABOUT_RETURN_TYPE = YES_ERROR;
				GCC_WARN_UNDECLARED_SELECTOR = YES;
				GCC_WARN_UNINITIALIZED_AUTOS = YES_AGGRESSIVE;
				GCC_WARN_UNUSED_FUNCTION = YES;
				GCC_WARN_UNUSED_VARIABLE = YES;
				IPHONEOS_DEPLOYMENT_TARGET = 15.0;
				MTL_ENABLE_DEBUG_INFO = INCLUDE_SOURCE;
				MTL_FAST_MATH = YES;
				ONLY_ACTIVE_ARCH = YES;
				PRODUCT_NAME = "$(TARGET_NAME)";
				SDKROOT = iphoneos;
				SWIFT_ACTIVE_COMPILATION_CONDITIONS = DEBUG;
				SWIFT_OPTIMIZATION_LEVEL = "-Onone";
				SWIFT_VERSION = 5.9;
			};
			name = Debug;
		};
		DB2BF1A46D768450530738C2 /* Debug */ = {
			isa = XCBuildConfiguration;
			buildSettings = {
				ASSETCATALOG_COMPILER_APPICON_NAME = AppIcon;
				CODE_SIGN_ENTITLEMENTS = TrainViewer.entitlements;
				CODE_SIGN_IDENTITY = "Apple Development";
				CODE_SIGN_STYLE = Automatic;
				CURRENT_PROJECT_VERSION = 1;
				DEVELOPMENT_TEAM = AZ3UBYX9QX;
				INFOPLIST_FILE = "Support/TrainViewer-Info.plist";
				INFOPLIST_KEY_LSApplicationCategoryType = "public.app-category.travel";
				IPHONEOS_DEPLOYMENT_TARGET = 17.6;
				LD_RUNPATH_SEARCH_PATHS = (
					"$(inherited)",
					"@executable_path/Frameworks",
				);
				MARKETING_VERSION = 0.1.0;
				PRODUCT_BUNDLE_IDENTIFIER = com.trainviewer.app;
				PROVISIONING_PROFILE_SPECIFIER = "";
				SDKROOT = iphoneos;
				SUPPORTED_PLATFORMS = "iphoneos iphonesimulator";
				SUPPORTS_MACCATALYST = NO;
				SUPPORTS_MAC_DESIGNED_FOR_IPHONE_IPAD = NO;
				SUPPORTS_XR_DESIGNED_FOR_IPHONE_IPAD = NO;
				TARGETED_DEVICE_FAMILY = 1;
			};
			name = Debug;
		};
		E923899A9D985BFDF0D422CD /* Debug */ = {
			isa = XCBuildConfiguration;
			buildSettings = {
				APPLICATION_EXTENSION_API_ONLY = YES;
				CODE_SIGN_ENTITLEMENTS = NextDepartureWidget.entitlements;
				CODE_SIGN_STYLE = Automatic;
				DEVELOPMENT_TEAM = AZ3UBYX9QX;
				GENERATE_INFOPLIST_FILE = NO;
				INFOPLIST_FILE = "Support/NextDepartureWidget-Info.plist";
				IPHONEOS_DEPLOYMENT_TARGET = 17.6;
				LD_RUNPATH_SEARCH_PATHS = (
					"$(inherited)",
					"@executable_path/Frameworks",
					"@executable_path/../../Frameworks",
				);
				PRODUCT_BUNDLE_IDENTIFIER = com.trainviewer.app.widget;
				SDKROOT = iphoneos;
				SUPPORTED_PLATFORMS = "iphoneos iphonesimulator";
				SUPPORTS_MACCATALYST = NO;
				SUPPORTS_MAC_DESIGNED_FOR_IPHONE_IPAD = NO;
				SUPPORTS_XR_DESIGNED_FOR_IPHONE_IPAD = NO;
				TARGETED_DEVICE_FAMILY = 1;
			};
			name = Debug;
		};
/* End XCBuildConfiguration section */

/* Begin XCConfigurationList section */
		5DD9C8DE3A8841C61A573100 /* Build configuration list for PBXNativeTarget "NextDepartureWidget" */ = {
			isa = XCConfigurationList;
			buildConfigurations = (
				E923899A9D985BFDF0D422CD /* Debug */,
				2BF565D0B5FB5D223D5EB6E6 /* Release */,
			);
			defaultConfigurationIsVisible = 0;
			defaultConfigurationName = Debug;
		};
		89D9B8FCC671AD2A928879CD /* Build configuration list for PBXNativeTarget "TrainViewer" */ = {
			isa = XCConfigurationList;
			buildConfigurations = (
				DB2BF1A46D768450530738C2 /* Debug */,
				7FFD63B0F9376ED5B8B350A4 /* Release */,
			);
			defaultConfigurationIsVisible = 0;
			defaultConfigurationName = Debug;
		};
		ADF0C304EBCE936D44455D05 /* Build configuration list for PBXProject "TrainViewer" */ = {
			isa = XCConfigurationList;
			buildConfigurations = (
				BCFB0B47B236E797D1B7BBA6 /* Debug */,
				3EF4AA8FB4E7B1F6D4EB2EAE /* Release */,
			);
			defaultConfigurationIsVisible = 0;
			defaultConfigurationName = Debug;
		};
/* End XCConfigurationList section */

/* Begin XCVersionGroup section */
		102DF236141D1C4F1D4F2927 /* TransportModel.xcdatamodeld */ = {
			isa = XCVersionGroup;
			children = (
				97D63AB86DD2FBF3AD741723 /* TransportModel.xcdatamodel */,
			);
			currentVersion = 97D63AB86DD2FBF3AD741723 /* TransportModel.xcdatamodel */;
			path = TransportModel.xcdatamodeld;
			sourceTree = "<group>";
			versionGroupType = wrapper.xcdatamodel;
		};
		F3FA07242E4DFE2F00091DE9 /* TransportModel.xcdatamodeld */ = {
			isa = XCVersionGroup;
			children = (
				F3FA07272E4DFE2F00091DE9 /* TransportModel.xcdatamodel */,
			);
			currentVersion = F3FA07272E4DFE2F00091DE9 /* TransportModel.xcdatamodel */;
			path = TransportModel.xcdatamodeld;
			sourceTree = "<group>";
			versionGroupType = wrapper.xcdatamodel;
		};
		F3FA07312E4E041000091DE9 /* TransportModel.xcdatamodeld */ = {
			isa = XCVersionGroup;
			children = (
				F3FA07322E4E041000091DE9 /* TransportModel.xcdatamodel */,
			);
			currentVersion = F3FA07322E4E041000091DE9 /* TransportModel.xcdatamodel */;
			path = TransportModel.xcdatamodeld;
			sourceTree = "<group>";
			versionGroupType = wrapper.xcdatamodel;
		};
/* End XCVersionGroup section */
	};
	rootObject = 4BEE41D8E55C9F557353FE11 /* Project object */;
}
